
Microsoft Visual Studio Solution File, Format Version 12.00
# Visual Studio 2013
VisualStudioVersion = 12.0.40629.0
MinimumVisualStudioVersion = 10.0.40219.1
Project("{FAE04EC0-301F-11D3-BF4B-00C04F79EFBC}") = "Sample1", "Sample1\Sample1.csproj", "{AB5CD12E-F29A-4767-BD7E-64AAC7D88230}"
EndProject
Project("{FAE04EC0-301F-11D3-BF4B-00C04F79EFBC}") = "OwinFramework.Pages.Core.Net40", "OwinFramework.Pages.Core\OwinFramework.Pages.Core.Net40.csproj", "{4C9F34B2-19F9-4C14-AD99-12F63273FD5A}"
EndProject
Project("{FAE04EC0-301F-11D3-BF4B-00C04F79EFBC}") = "OwinFramework.Pages.Restful.Net40", "OwinFramework.Pages.Restful\OwinFramework.Pages.Restful.Net40.csproj", "{F2707665-3996-47DA-8914-9A4A919A0EBF}"
EndProject
Project("{FAE04EC0-301F-11D3-BF4B-00C04F79EFBC}") = "OwinFramework.Pages.Html.Net40", "OwinFramework.Pages.Html\OwinFramework.Pages.Html.Net40.csproj", "{68B65603-BB88-4C0A-8CFC-32B92561B881}"
EndProject
Project("{FAE04EC0-301F-11D3-BF4B-00C04F79EFBC}") = "OwinFramework.Pages.UnitTests.Net40", "OwinFramework.Pages.UnitTests\OwinFramework.Pages.UnitTests.Net40.csproj", "{CFB544AD-B03B-479F-A866-7B77D4519D46}"
EndProject
Project("{2150E333-8FDC-42A3-9474-1A3956D46DE8}") = "Solution Items", "Solution Items", "{8292106B-4898-4672-900C-8DE535FBBBF6}"
	ProjectSection(SolutionItems) = preProject
		.gitattributes = .gitattributes
		.gitignore = .gitignore
		install.cmd = install.cmd
		paket.dependencies = paket.dependencies
		paket.lock = paket.lock
		Performance1.psess = Performance1.psess
		Performance17.psess = Performance17.psess
		Performance2.psess = Performance2.psess
		publish.cmd = publish.cmd
		readme.md = readme.md
		restore.cmd = restore.cmd
		SharedAssemblyInfo.cs = SharedAssemblyInfo.cs
		todo.txt = todo.txt
		update.cmd = update.cmd
	EndProjectSection
EndProject
Project("{FAE04EC0-301F-11D3-BF4B-00C04F79EFBC}") = "OwinFramework.Pages.Framework.Net40", "OwinFramework.Pages.Framework\OwinFramework.Pages.Framework.Net40.csproj", "{83E44B37-D3AA-4622-A03B-3C976EA58C83}"
EndProject
Project("{FAE04EC0-301F-11D3-BF4B-00C04F79EFBC}") = "Sample2", "Sample2\Sample2.csproj", "{E796C3AC-256C-4575-8B14-B02A58895BDA}"
EndProject
Project("{FAE04EC0-301F-11D3-BF4B-00C04F79EFBC}") = "OwinFramework.Pages.DebugMiddleware.Net40", "OwinFramework.Pages.DebugMiddleware\OwinFramework.Pages.DebugMiddleware.Net40.csproj", "{342B95E5-8B99-40F0-959B-DA59C791D7DC}"
EndProject
Project("{FAE04EC0-301F-11D3-BF4B-00C04F79EFBC}") = "OwinFramework.Pages.Mocks.Net40", "OwinFramework.Pages.Mocks\OwinFramework.Pages.Mocks.Net40.csproj", "{BCC4C479-AB07-4B80-B832-53AAFEFD6089}"
EndProject
Project("{FAE04EC0-301F-11D3-BF4B-00C04F79EFBC}") = "Sample3", "Sample3\Sample3.csproj", "{B2BB1B4D-B3A0-4657-9A4C-9F9A7FC08E2E}"
EndProject
Project("{FAE04EC0-301F-11D3-BF4B-00C04F79EFBC}") = "OwinFramework.Pages.Standard.Net40", "OwinFramework.Pages.Standard\OwinFramework.Pages.Standard.Net40.csproj", "{2B3CFCAB-67EB-4D62-A49A-971E92DBC7E6}"
EndProject
Project("{FAE04EC0-301F-11D3-BF4B-00C04F79EFBC}") = "OwinFramework.Pages.CMS.Runtime.Net40", "OwinFramework.Pages.CMS.Runtime\OwinFramework.Pages.CMS.Runtime.Net40.csproj", "{E22AD442-D30E-4ECE-A856-DCA49CE9E9B9}"
EndProject
Project("{FAE04EC0-301F-11D3-BF4B-00C04F79EFBC}") = "Sample4", "Sample4\Sample4.csproj", "{B655A239-7C79-414B-8107-D5DD765919C1}"
EndProject
Project("{FAE04EC0-301F-11D3-BF4B-00C04F79EFBC}") = "OwinFramework.Pages.CMS.Manager.Net40", "OwinFramework.Pages.CMS.Manager\OwinFramework.Pages.CMS.Manager.Net40.csproj", "{60C824DF-D107-4441-AD21-DBE2CE0D6829}"
EndProject
Global
	GlobalSection(SolutionConfigurationPlatforms) = preSolution
		Debug|Any CPU = Debug|Any CPU
		Release|Any CPU = Release|Any CPU
	EndGlobalSection
	GlobalSection(ProjectConfigurationPlatforms) = postSolution
		{AB5CD12E-F29A-4767-BD7E-64AAC7D88230}.Debug|Any CPU.ActiveCfg = Debug|Any CPU
		{AB5CD12E-F29A-4767-BD7E-64AAC7D88230}.Debug|Any CPU.Build.0 = Debug|Any CPU
		{AB5CD12E-F29A-4767-BD7E-64AAC7D88230}.Release|Any CPU.ActiveCfg = Release|Any CPU
		{AB5CD12E-F29A-4767-BD7E-64AAC7D88230}.Release|Any CPU.Build.0 = Release|Any CPU
		{4C9F34B2-19F9-4C14-AD99-12F63273FD5A}.Debug|Any CPU.ActiveCfg = Debug|Any CPU
		{4C9F34B2-19F9-4C14-AD99-12F63273FD5A}.Debug|Any CPU.Build.0 = Debug|Any CPU
		{4C9F34B2-19F9-4C14-AD99-12F63273FD5A}.Release|Any CPU.ActiveCfg = Release|Any CPU
		{4C9F34B2-19F9-4C14-AD99-12F63273FD5A}.Release|Any CPU.Build.0 = Release|Any CPU
		{F2707665-3996-47DA-8914-9A4A919A0EBF}.Debug|Any CPU.ActiveCfg = Debug|Any CPU
		{F2707665-3996-47DA-8914-9A4A919A0EBF}.Debug|Any CPU.Build.0 = Debug|Any CPU
		{F2707665-3996-47DA-8914-9A4A919A0EBF}.Release|Any CPU.ActiveCfg = Release|Any CPU
		{F2707665-3996-47DA-8914-9A4A919A0EBF}.Release|Any CPU.Build.0 = Release|Any CPU
		{68B65603-BB88-4C0A-8CFC-32B92561B881}.Debug|Any CPU.ActiveCfg = Debug|Any CPU
		{68B65603-BB88-4C0A-8CFC-32B92561B881}.Debug|Any CPU.Build.0 = Debug|Any CPU
		{68B65603-BB88-4C0A-8CFC-32B92561B881}.Release|Any CPU.ActiveCfg = Release|Any CPU
		{68B65603-BB88-4C0A-8CFC-32B92561B881}.Release|Any CPU.Build.0 = Release|Any CPU
		{CFB544AD-B03B-479F-A866-7B77D4519D46}.Debug|Any CPU.ActiveCfg = Debug|Any CPU
		{CFB544AD-B03B-479F-A866-7B77D4519D46}.Debug|Any CPU.Build.0 = Debug|Any CPU
		{CFB544AD-B03B-479F-A866-7B77D4519D46}.Release|Any CPU.ActiveCfg = Release|Any CPU
		{CFB544AD-B03B-479F-A866-7B77D4519D46}.Release|Any CPU.Build.0 = Release|Any CPU
		{83E44B37-D3AA-4622-A03B-3C976EA58C83}.Debug|Any CPU.ActiveCfg = Debug|Any CPU
		{83E44B37-D3AA-4622-A03B-3C976EA58C83}.Debug|Any CPU.Build.0 = Debug|Any CPU
		{83E44B37-D3AA-4622-A03B-3C976EA58C83}.Release|Any CPU.ActiveCfg = Release|Any CPU
		{83E44B37-D3AA-4622-A03B-3C976EA58C83}.Release|Any CPU.Build.0 = Release|Any CPU
		{E796C3AC-256C-4575-8B14-B02A58895BDA}.Debug|Any CPU.ActiveCfg = Debug|Any CPU
		{E796C3AC-256C-4575-8B14-B02A58895BDA}.Debug|Any CPU.Build.0 = Debug|Any CPU
		{E796C3AC-256C-4575-8B14-B02A58895BDA}.Release|Any CPU.ActiveCfg = Release|Any CPU
		{E796C3AC-256C-4575-8B14-B02A58895BDA}.Release|Any CPU.Build.0 = Release|Any CPU
		{342B95E5-8B99-40F0-959B-DA59C791D7DC}.Debug|Any CPU.ActiveCfg = Debug|Any CPU
		{342B95E5-8B99-40F0-959B-DA59C791D7DC}.Debug|Any CPU.Build.0 = Debug|Any CPU
		{342B95E5-8B99-40F0-959B-DA59C791D7DC}.Release|Any CPU.ActiveCfg = Release|Any CPU
		{342B95E5-8B99-40F0-959B-DA59C791D7DC}.Release|Any CPU.Build.0 = Release|Any CPU
		{BCC4C479-AB07-4B80-B832-53AAFEFD6089}.Debug|Any CPU.ActiveCfg = Debug|Any CPU
		{BCC4C479-AB07-4B80-B832-53AAFEFD6089}.Debug|Any CPU.Build.0 = Debug|Any CPU
		{BCC4C479-AB07-4B80-B832-53AAFEFD6089}.Release|Any CPU.ActiveCfg = Release|Any CPU
		{BCC4C479-AB07-4B80-B832-53AAFEFD6089}.Release|Any CPU.Build.0 = Release|Any CPU
		{B2BB1B4D-B3A0-4657-9A4C-9F9A7FC08E2E}.Debug|Any CPU.ActiveCfg = Debug|Any CPU
		{B2BB1B4D-B3A0-4657-9A4C-9F9A7FC08E2E}.Debug|Any CPU.Build.0 = Debug|Any CPU
		{B2BB1B4D-B3A0-4657-9A4C-9F9A7FC08E2E}.Release|Any CPU.ActiveCfg = Release|Any CPU
		{B2BB1B4D-B3A0-4657-9A4C-9F9A7FC08E2E}.Release|Any CPU.Build.0 = Release|Any CPU
		{2B3CFCAB-67EB-4D62-A49A-971E92DBC7E6}.Debug|Any CPU.ActiveCfg = Debug|Any CPU
		{2B3CFCAB-67EB-4D62-A49A-971E92DBC7E6}.Debug|Any CPU.Build.0 = Debug|Any CPU
		{2B3CFCAB-67EB-4D62-A49A-971E92DBC7E6}.Release|Any CPU.ActiveCfg = Release|Any CPU
		{2B3CFCAB-67EB-4D62-A49A-971E92DBC7E6}.Release|Any CPU.Build.0 = Release|Any CPU
		{E22AD442-D30E-4ECE-A856-DCA49CE9E9B9}.Debug|Any CPU.ActiveCfg = Debug|Any CPU
		{E22AD442-D30E-4ECE-A856-DCA49CE9E9B9}.Debug|Any CPU.Build.0 = Debug|Any CPU
		{E22AD442-D30E-4ECE-A856-DCA49CE9E9B9}.Release|Any CPU.ActiveCfg = Release|Any CPU
		{E22AD442-D30E-4ECE-A856-DCA49CE9E9B9}.Release|Any CPU.Build.0 = Release|Any CPU
		{B655A239-7C79-414B-8107-D5DD765919C1}.Debug|Any CPU.ActiveCfg = Debug|Any CPU
		{B655A239-7C79-414B-8107-D5DD765919C1}.Debug|Any CPU.Build.0 = Debug|Any CPU
		{B655A239-7C79-414B-8107-D5DD765919C1}.Release|Any CPU.ActiveCfg = Release|Any CPU
		{B655A239-7C79-414B-8107-D5DD765919C1}.Release|Any CPU.Build.0 = Release|Any CPU
		{60C824DF-D107-4441-AD21-DBE2CE0D6829}.Debug|Any CPU.ActiveCfg = Debug|Any CPU
		{60C824DF-D107-4441-AD21-DBE2CE0D6829}.Debug|Any CPU.Build.0 = Debug|Any CPU
		{60C824DF-D107-4441-AD21-DBE2CE0D6829}.Release|Any CPU.ActiveCfg = Release|Any CPU
		{60C824DF-D107-4441-AD21-DBE2CE0D6829}.Release|Any CPU.Build.0 = Release|Any CPU
	EndGlobalSection
	GlobalSection(SolutionProperties) = preSolution
		HideSolutionNode = FALSE
	EndGlobalSection
EndGlobal
