
Microsoft Visual Studio Solution File, Format Version 12.00
# Visual Studio 2013
VisualStudioVersion = 12.0.40629.0
MinimumVisualStudioVersion = 10.0.40219.1
Project("{FAE04EC0-301F-11D3-BF4B-00C04F79EFBC}") = "Sample1", "Sample1\Sample1.csproj", "{AB5CD12E-F29A-4767-BD7E-64AAC7D88230}"
EndProject
Project("{FAE04EC0-301F-11D3-BF4B-00C04F79EFBC}") = "OwinFramework.Pages.Core.Net45", "OwinFramework.Pages.Core\OwinFramework.Pages.Core.Net45.csproj", "{4C9F34B2-19F9-4C14-AD99-12F63273FD5A}"
EndProject
Project("{FAE04EC0-301F-11D3-BF4B-00C04F79EFBC}") = "OwinFramework.Pages.Html.Net45", "OwinFramework.Pages.Html\OwinFramework.Pages.Html.Net45.csproj", "{68B65603-BB88-4C0A-8CFC-32B92561B881}"
EndProject
Project("{2150E333-8FDC-42A3-9474-1A3956D46DE8}") = "Solution Items", "Solution Items", "{8292106B-4898-4672-900C-8DE535FBBBF6}"
	ProjectSection(SolutionItems) = preProject
		.gitattributes = .gitattributes
		.gitignore = .gitignore
		paket-install.cmd = paket-install.cmd
		paket-pack.cmd = paket-pack.cmd
		paket-restore.cmd = paket-restore.cmd
		paket-update.cmd = paket-update.cmd
		paket.dependencies = paket.dependencies
		paket.lock = paket.lock
		README.md = README.md
	EndProjectSection
EndProject
Project("{FAE04EC0-301F-11D3-BF4B-00C04F79EFBC}") = "OwinFramework.Pages.Framework.Net45", "OwinFramework.Pages.Framework\OwinFramework.Pages.Framework.Net45.csproj", "{83E44B37-D3AA-4622-A03B-3C976EA58C83}"
EndProject
Project("{FAE04EC0-301F-11D3-BF4B-00C04F79EFBC}") = "Sample2", "Sample2\Sample2.csproj", "{E796C3AC-256C-4575-8B14-B02A58895BDA}"
EndProject
Project("{FAE04EC0-301F-11D3-BF4B-00C04F79EFBC}") = "OwinFramework.Pages.DebugMiddleware.Net45", "OwinFramework.Pages.DebugMiddleware\OwinFramework.Pages.DebugMiddleware.Net45.csproj", "{342B95E5-8B99-40F0-959B-DA59C791D7DC}"
EndProject
Global
	GlobalSection(SolutionConfigurationPlatforms) = preSolution
		Debug|Any CPU = Debug|Any CPU
		Release|Any CPU = Release|Any CPU
	EndGlobalSection
	GlobalSection(ProjectConfigurationPlatforms) = postSolution
		{AB5CD12E-F29A-4767-BD7E-64AAC7D88230}.Debug|Any CPU.ActiveCfg = Debug|Any CPU
		{AB5CD12E-F29A-4767-BD7E-64AAC7D88230}.Debug|Any CPU.Build.0 = Debug|Any CPU
		{AB5CD12E-F29A-4767-BD7E-64AAC7D88230}.Release|Any CPU.ActiveCfg = Release|Any CPU
		{AB5CD12E-F29A-4767-BD7E-64AAC7D88230}.Release|Any CPU.Build.0 = Release|Any CPU
		{4C9F34B2-19F9-4C14-AD99-12F63273FD5A}.Debug|Any CPU.ActiveCfg = Debug|Any CPU
		{4C9F34B2-19F9-4C14-AD99-12F63273FD5A}.Debug|Any CPU.Build.0 = Debug|Any CPU
		{4C9F34B2-19F9-4C14-AD99-12F63273FD5A}.Release|Any CPU.ActiveCfg = Release|Any CPU
		{4C9F34B2-19F9-4C14-AD99-12F63273FD5A}.Release|Any CPU.Build.0 = Release|Any CPU
		{68B65603-BB88-4C0A-8CFC-32B92561B881}.Debug|Any CPU.ActiveCfg = Debug|Any CPU
		{68B65603-BB88-4C0A-8CFC-32B92561B881}.Debug|Any CPU.Build.0 = Debug|Any CPU
		{68B65603-BB88-4C0A-8CFC-32B92561B881}.Release|Any CPU.ActiveCfg = Release|Any CPU
		{68B65603-BB88-4C0A-8CFC-32B92561B881}.Release|Any CPU.Build.0 = Release|Any CPU
		{83E44B37-D3AA-4622-A03B-3C976EA58C83}.Debug|Any CPU.ActiveCfg = Debug|Any CPU
		{83E44B37-D3AA-4622-A03B-3C976EA58C83}.Debug|Any CPU.Build.0 = Debug|Any CPU
		{83E44B37-D3AA-4622-A03B-3C976EA58C83}.Release|Any CPU.ActiveCfg = Release|Any CPU
		{83E44B37-D3AA-4622-A03B-3C976EA58C83}.Release|Any CPU.Build.0 = Release|Any CPU
		{E796C3AC-256C-4575-8B14-B02A58895BDA}.Debug|Any CPU.ActiveCfg = Debug|Any CPU
		{E796C3AC-256C-4575-8B14-B02A58895BDA}.Debug|Any CPU.Build.0 = Debug|Any CPU
		{E796C3AC-256C-4575-8B14-B02A58895BDA}.Release|Any CPU.ActiveCfg = Release|Any CPU
		{E796C3AC-256C-4575-8B14-B02A58895BDA}.Release|Any CPU.Build.0 = Release|Any CPU
		{342B95E5-8B99-40F0-959B-DA59C791D7DC}.Debug|Any CPU.ActiveCfg = Debug|Any CPU
		{342B95E5-8B99-40F0-959B-DA59C791D7DC}.Debug|Any CPU.Build.0 = Debug|Any CPU
		{342B95E5-8B99-40F0-959B-DA59C791D7DC}.Release|Any CPU.ActiveCfg = Release|Any CPU
		{342B95E5-8B99-40F0-959B-DA59C791D7DC}.Release|Any CPU.Build.0 = Release|Any CPU
	EndGlobalSection
	GlobalSection(SolutionProperties) = preSolution
		HideSolutionNode = FALSE
	EndGlobalSection
EndGlobal
